
Microsoft Visual Studio Solution File, Format Version 12.00
# Visual Studio 15
VisualStudioVersion = 15.0.28307.572
MinimumVisualStudioVersion = 10.0.40219.1
Project("{FAE04EC0-301F-11D3-BF4B-00C04F79EFBC}") = "01_HelloWorld", "01_HelloWorld\01_HelloWorld.csproj", "{F4FF51FF-7A72-4B43-BAB7-70142557C17C}"
EndProject
Project("{FAE04EC0-301F-11D3-BF4B-00C04F79EFBC}") = "02_ReadWrite", "02_ReadWrite\02_ReadWrite.csproj", "{410B81BE-BE77-4EF5-BEC1-0E51788DE6B1}"
EndProject
Project("{FAE04EC0-301F-11D3-BF4B-00C04F79EFBC}") = "03_StringLiteral", "03_StringLiteral\03_StringLiteral.csproj", "{59F10A86-C629-4CCC-80E4-09C590F006F5}"
EndProject
Project("{FAE04EC0-301F-11D3-BF4B-00C04F79EFBC}") = "04_Operators", "04_Operators\04_Operators.csproj", "{3F5713E6-54CE-4DE8-A9C7-13E451907156}"
EndProject
Project("{FAE04EC0-301F-11D3-BF4B-00C04F79EFBC}") = "05_NullColascing", "05_NullColascing\05_NullColascing.csproj", "{7DA49557-C06A-4007-A6DF-6398D905F832}"
EndProject
Project("{FAE04EC0-301F-11D3-BF4B-00C04F79EFBC}") = "06_ImplicitConversion", "06_ImplicitConversion\06_ImplicitConversion.csproj", "{5A8A04F1-1372-40CE-A6E9-41D40AFF7EA1}"
EndProject
Project("{FAE04EC0-301F-11D3-BF4B-00C04F79EFBC}") = "07_ExplicitConversion", "07_ExplicitConversion\07_ExplicitConversion.csproj", "{380F555A-F31A-4578-8B39-CC7B964E1A3A}"
EndProject
Project("{FAE04EC0-301F-11D3-BF4B-00C04F79EFBC}") = "08_Array", "08_Array\08_Array.csproj", "{2531D7B6-EECF-45B2-A8BF-827CC7FAAC8A}"
EndProject
Project("{FAE04EC0-301F-11D3-BF4B-00C04F79EFBC}") = "09_IfStatement", "09_IfStatement\09_IfStatement.csproj", "{107E56E0-A482-45C0-B6CF-C41CF8EDD24C}"
EndProject
Project("{FAE04EC0-301F-11D3-BF4B-00C04F79EFBC}") = "10_SwitchCase", "10_SwitchCase\10_SwitchCase.csproj", "{6C5142A5-E46A-4ECE-8523-997702C62877}"
EndProject
Project("{FAE04EC0-301F-11D3-BF4B-00C04F79EFBC}") = "11_While Loop", "11_While Loop\11_While Loop.csproj", "{2484AF7F-CEFA-4028-8523-9BE8210860DB}"
EndProject
Project("{FAE04EC0-301F-11D3-BF4B-00C04F79EFBC}") = "12_DoWhileLoop", "12_DoWhileLoop\12_DoWhileLoop.csproj", "{EEBE5B38-1E22-46DA-BAE0-C7DF2598A281}"
EndProject
Project("{FAE04EC0-301F-11D3-BF4B-00C04F79EFBC}") = "13_ForLoop", "13_ForLoop\13_ForLoop.csproj", "{08DA8F48-1C9E-4240-BA27-D37F604B0936}"
EndProject
Project("{FAE04EC0-301F-11D3-BF4B-00C04F79EFBC}") = "14_Methods", "14_Methods\14_Methods.csproj", "{DF4FB2B8-42CE-4D11-994C-E5C0E1CED07E}"
EndProject
Project("{FAE04EC0-301F-11D3-BF4B-00C04F79EFBC}") = "15_ValueParameter", "15_ValueParameter\15_ValueParameter.csproj", "{E15B8369-52F9-4265-86A1-4734F2CAEDB4}"
EndProject
Project("{FAE04EC0-301F-11D3-BF4B-00C04F79EFBC}") = "16_ReferenceParameter", "16_ReferenceParameter\16_ReferenceParameter.csproj", "{3E0B6F18-BB43-473F-B2F0-9C4C0B3D76B2}"
EndProject
Project("{FAE04EC0-301F-11D3-BF4B-00C04F79EFBC}") = "17_OutParameter", "17_OutParameter\17_OutParameter.csproj", "{FCCEDF84-EDBF-4042-84FA-C08BE92DD91B}"
EndProject
Project("{FAE04EC0-301F-11D3-BF4B-00C04F79EFBC}") = "18_ParamsParameter", "18_ParamsParameter\18_ParamsParameter.csproj", "{29C61583-0773-4A2B-AE1C-D1033F33CE4B}"
EndProject
Project("{FAE04EC0-301F-11D3-BF4B-00C04F79EFBC}") = "19_Class", "19_Class\19_Class.csproj", "{49F7A72C-B4C7-46D0-AB6E-BC98CC6C019C}"
EndProject
Project("{FAE04EC0-301F-11D3-BF4B-00C04F79EFBC}") = "20_InstanceMember", "20_InstanceMember\20_InstanceMember.csproj", "{C379D6AC-FCEE-42D6-877F-CC0C069D5DD2}"
EndProject
Project("{FAE04EC0-301F-11D3-BF4B-00C04F79EFBC}") = "21_StaticMember", "21_StaticMember\21_StaticMember.csproj", "{A2641B9B-66CC-4AA0-8659-DA708FAEA4AF}"
EndProject
Project("{FAE04EC0-301F-11D3-BF4B-00C04F79EFBC}") = "22_Inheritance", "22_Inheritance\22_Inheritance.csproj", "{550D336E-8232-4913-BD26-6EDCD51794EA}"
EndProject
Project("{FAE04EC0-301F-11D3-BF4B-00C04F79EFBC}") = "23_InheritanceConstructor", "23_InheritanceConstructor\23_InheritanceConstructor.csproj", "{9AAE3556-2BD5-43B0-9A9B-5FDD3B312FC6}"
EndProject
Project("{FAE04EC0-301F-11D3-BF4B-00C04F79EFBC}") = "24_MethodHiding", "24_MethodHiding\24_MethodHiding.csproj", "{E8ECFF44-BD07-44AB-8CBD-40550227D90C}"
EndProject
Project("{FAE04EC0-301F-11D3-BF4B-00C04F79EFBC}") = "25_Polymorphism", "25_Polymorphism\25_Polymorphism.csproj", "{7CF29396-8B7B-4872-A53D-90F1CBA1F6AD}"
EndProject
Project("{FAE04EC0-301F-11D3-BF4B-00C04F79EFBC}") = "26_MethodOverloading", "26_MethodOverloading\26_MethodOverloading.csproj", "{F84E9682-0C1C-466D-8A15-27F3DD5A5E21}"
EndProject
Project("{FAE04EC0-301F-11D3-BF4B-00C04F79EFBC}") = "27_GetterSetter", "27_GetterSetter\27_GetterSetter.csproj", "{EECEC8E6-C4C3-42E8-ACC4-E0A59C29E38D}"
EndProject
Project("{FAE04EC0-301F-11D3-BF4B-00C04F79EFBC}") = "28_Properties", "28_Properties\28_Properties.csproj", "{DBBAA901-08CE-4EBC-A75E-AD9739911074}"
EndProject
Project("{FAE04EC0-301F-11D3-BF4B-00C04F79EFBC}") = "29_Structure", "29_Structure\29_Structure.csproj", "{1065A6C1-382B-4FD9-A09B-AC21809C8E00}"
EndProject
Project("{FAE04EC0-301F-11D3-BF4B-00C04F79EFBC}") = "30_Interface", "30_Interface\30_Interface.csproj", "{468F9E1D-7813-4095-807D-EA665A1007B9}"
EndProject
Project("{FAE04EC0-301F-11D3-BF4B-00C04F79EFBC}") = "31_ExplicitInterface", "31_ExplicitInterface\31_ExplicitInterface.csproj", "{8C1BFC15-5E7A-4267-A9A5-2642B1812518}"
EndProject
Project("{FAE04EC0-301F-11D3-BF4B-00C04F79EFBC}") = "32_AbstractClass", "32_AbstractClass\32_AbstractClass.csproj", "{F066F740-8475-4143-9541-DDE84AD5DD12}"
EndProject
Project("{FAE04EC0-301F-11D3-BF4B-00C04F79EFBC}") = "33_MultipleInterface", "33_MultipleInterface\33_MultipleInterface.csproj", "{BA67274B-C25B-4AA3-8A24-200017EEF7C0}"
EndProject
Project("{FAE04EC0-301F-11D3-BF4B-00C04F79EFBC}") = "34_Delegate", "34_Delegate\34_Delegate.csproj", "{11DDA99C-E97A-486C-A9F0-E0E66C2A736A}"
EndProject
Project("{FAE04EC0-301F-11D3-BF4B-00C04F79EFBC}") = "35_MultiCastDelegate", "35_MultiCastDelegate\35_MultiCastDelegate.csproj", "{46C45DE3-21F8-4E6F-97B2-AA1FAC3B2193}"
EndProject
Project("{FAE04EC0-301F-11D3-BF4B-00C04F79EFBC}") = "36_Enum", "36_Enum\36_Enum.csproj", "{262685F0-ED7A-4104-A5CA-BB01BA8F7F2B}"
EndProject
Project("{FAE04EC0-301F-11D3-BF4B-00C04F79EFBC}") = "37_EarlyBinding", "37_EarlyBinding\37_EarlyBinding.csproj", "{722EB8B4-7A9F-4DAD-BCFC-88353FE64C0F}"
EndProject
Project("{FAE04EC0-301F-11D3-BF4B-00C04F79EFBC}") = "38_GenericClasses", "38_GenericClasses\38_GenericClasses.csproj", "{3799D804-129F-49D5-9A1F-6EA2683F1261}"
EndProject
Project("{FAE04EC0-301F-11D3-BF4B-00C04F79EFBC}") = "39_GenericArrayList", "39_GenericArrayList\39_GenericArrayList.csproj", "{91F351ED-2232-4DB6-8414-E10092A16C9F}"
EndProject
Project("{FAE04EC0-301F-11D3-BF4B-00C04F79EFBC}") = "40_Generic2", "40_Generic2\40_Generic2.csproj", "{AE854CF5-FA92-48C2-AD63-2AB0DFEED0E2}"
EndProject
Project("{FAE04EC0-301F-11D3-BF4B-00C04F79EFBC}") = "41_ConverToStringAndToString", "41_ConverToStringAndToString\41_ConverToStringAndToString.csproj", "{E5587A84-700E-4743-8BB7-6EBA40A2660E}"
EndProject
Project("{FAE04EC0-301F-11D3-BF4B-00C04F79EFBC}") = "42_Indexer", "42_Indexer\42_Indexer.csproj", "{00E65FFA-EDF8-4FD7-8CF5-0849FB9E9F5B}"
EndProject
Project("{FAE04EC0-301F-11D3-BF4B-00C04F79EFBC}") = "43_OptionalParameter", "43_OptionalParameter\43_OptionalParameter.csproj", "{A28F1158-18B1-47E2-9441-C871EA489278}"
EndProject
Project("{FAE04EC0-301F-11D3-BF4B-00C04F79EFBC}") = "44_Dictionary", "44_Dictionary\44_Dictionary.csproj", "{00B32E46-394B-4184-8CCF-E782D03179EA}"
EndProject
Project("{FAE04EC0-301F-11D3-BF4B-00C04F79EFBC}") = "45_List", "45_List\45_List.csproj", "{45D120F9-0B89-43A0-8D80-EA328D9974D8}"
EndProject
Project("{FAE04EC0-301F-11D3-BF4B-00C04F79EFBC}") = "46_Queue", "46_Queue\46_Queue.csproj", "{D457F4FB-D2EC-4F6B-B131-3FAFB2548320}"
EndProject
Project("{FAE04EC0-301F-11D3-BF4B-00C04F79EFBC}") = "47_Stack", "47_Stack\47_Stack.csproj", "{17FD23FA-3C24-4679-A8B9-A26D1F7727E7}"
EndProject
Project("{FAE04EC0-301F-11D3-BF4B-00C04F79EFBC}") = "48_ThreadStartDelegate", "48_ThreadStartDelegate\48_ThreadStartDelegate.csproj", "{CCB31644-17C0-403D-9475-6EB462E70B31}"
EndProject
Project("{FAE04EC0-301F-11D3-BF4B-00C04F79EFBC}") = "49_ParameterizedThreadStartDelegate", "49_ParameterizedThreadStartDelegate\49_ParameterizedThreadStartDelegate.csproj", "{A530DE32-72FC-427A-AA52-3DF0C626BE62}"
EndProject
Project("{FAE04EC0-301F-11D3-BF4B-00C04F79EFBC}") = "50_ThreadSafe", "50_ThreadSafe\50_ThreadSafe.csproj", "{58B33F42-A1AA-4EA8-BE0A-52E75471085D}"
EndProject
Project("{FAE04EC0-301F-11D3-BF4B-00C04F79EFBC}") = "51_ThreadCallBackFunction", "51_ThreadCallBackFunction\51_ThreadCallBackFunction.csproj", "{E66BD04F-6DC9-49AA-AD5F-24A65E659BBA}"
EndProject
Project("{FAE04EC0-301F-11D3-BF4B-00C04F79EFBC}") = "52_ThreadJoinAndIsAlive", "52_ThreadJoinAndIsAlive\52_ThreadJoinAndIsAlive.csproj", "{C8F70C69-68AE-48AB-90FF-69799C0D72AC}"
EndProject
Project("{FAE04EC0-301F-11D3-BF4B-00C04F79EFBC}") = "53_Deadlock", "53_Deadlock\53_Deadlock.csproj", "{AB540C80-4469-48CA-947A-7FCAC034B586}"
EndProject
Project("{FAE04EC0-301F-11D3-BF4B-00C04F79EFBC}") = "54_DeadlockResolve", "54_DeadlockResolve\54_DeadlockResolve.csproj", "{FEF8C21F-3D8E-440E-9102-A094D4955354}"
EndProject
Project("{FAE04EC0-301F-11D3-BF4B-00C04F79EFBC}") = "55_FuncDelegate", "55_FuncDelegate\55_FuncDelegate.csproj", "{BA6093C9-197C-4E78-97CE-31EFAAB136E2}"
EndProject
Global
	GlobalSection(SolutionConfigurationPlatforms) = preSolution
		Debug|Any CPU = Debug|Any CPU
		Release|Any CPU = Release|Any CPU
	EndGlobalSection
	GlobalSection(ProjectConfigurationPlatforms) = postSolution
		{F4FF51FF-7A72-4B43-BAB7-70142557C17C}.Debug|Any CPU.ActiveCfg = Debug|Any CPU
		{F4FF51FF-7A72-4B43-BAB7-70142557C17C}.Debug|Any CPU.Build.0 = Debug|Any CPU
		{F4FF51FF-7A72-4B43-BAB7-70142557C17C}.Release|Any CPU.ActiveCfg = Release|Any CPU
		{F4FF51FF-7A72-4B43-BAB7-70142557C17C}.Release|Any CPU.Build.0 = Release|Any CPU
		{410B81BE-BE77-4EF5-BEC1-0E51788DE6B1}.Debug|Any CPU.ActiveCfg = Debug|Any CPU
		{410B81BE-BE77-4EF5-BEC1-0E51788DE6B1}.Debug|Any CPU.Build.0 = Debug|Any CPU
		{410B81BE-BE77-4EF5-BEC1-0E51788DE6B1}.Release|Any CPU.ActiveCfg = Release|Any CPU
		{410B81BE-BE77-4EF5-BEC1-0E51788DE6B1}.Release|Any CPU.Build.0 = Release|Any CPU
		{59F10A86-C629-4CCC-80E4-09C590F006F5}.Debug|Any CPU.ActiveCfg = Debug|Any CPU
		{59F10A86-C629-4CCC-80E4-09C590F006F5}.Debug|Any CPU.Build.0 = Debug|Any CPU
		{59F10A86-C629-4CCC-80E4-09C590F006F5}.Release|Any CPU.ActiveCfg = Release|Any CPU
		{59F10A86-C629-4CCC-80E4-09C590F006F5}.Release|Any CPU.Build.0 = Release|Any CPU
		{3F5713E6-54CE-4DE8-A9C7-13E451907156}.Debug|Any CPU.ActiveCfg = Debug|Any CPU
		{3F5713E6-54CE-4DE8-A9C7-13E451907156}.Debug|Any CPU.Build.0 = Debug|Any CPU
		{3F5713E6-54CE-4DE8-A9C7-13E451907156}.Release|Any CPU.ActiveCfg = Release|Any CPU
		{3F5713E6-54CE-4DE8-A9C7-13E451907156}.Release|Any CPU.Build.0 = Release|Any CPU
		{7DA49557-C06A-4007-A6DF-6398D905F832}.Debug|Any CPU.ActiveCfg = Debug|Any CPU
		{7DA49557-C06A-4007-A6DF-6398D905F832}.Debug|Any CPU.Build.0 = Debug|Any CPU
		{7DA49557-C06A-4007-A6DF-6398D905F832}.Release|Any CPU.ActiveCfg = Release|Any CPU
		{7DA49557-C06A-4007-A6DF-6398D905F832}.Release|Any CPU.Build.0 = Release|Any CPU
		{5A8A04F1-1372-40CE-A6E9-41D40AFF7EA1}.Debug|Any CPU.ActiveCfg = Debug|Any CPU
		{5A8A04F1-1372-40CE-A6E9-41D40AFF7EA1}.Debug|Any CPU.Build.0 = Debug|Any CPU
		{5A8A04F1-1372-40CE-A6E9-41D40AFF7EA1}.Release|Any CPU.ActiveCfg = Release|Any CPU
		{5A8A04F1-1372-40CE-A6E9-41D40AFF7EA1}.Release|Any CPU.Build.0 = Release|Any CPU
		{380F555A-F31A-4578-8B39-CC7B964E1A3A}.Debug|Any CPU.ActiveCfg = Debug|Any CPU
		{380F555A-F31A-4578-8B39-CC7B964E1A3A}.Debug|Any CPU.Build.0 = Debug|Any CPU
		{380F555A-F31A-4578-8B39-CC7B964E1A3A}.Release|Any CPU.ActiveCfg = Release|Any CPU
		{380F555A-F31A-4578-8B39-CC7B964E1A3A}.Release|Any CPU.Build.0 = Release|Any CPU
		{2531D7B6-EECF-45B2-A8BF-827CC7FAAC8A}.Debug|Any CPU.ActiveCfg = Debug|Any CPU
		{2531D7B6-EECF-45B2-A8BF-827CC7FAAC8A}.Debug|Any CPU.Build.0 = Debug|Any CPU
		{2531D7B6-EECF-45B2-A8BF-827CC7FAAC8A}.Release|Any CPU.ActiveCfg = Release|Any CPU
		{2531D7B6-EECF-45B2-A8BF-827CC7FAAC8A}.Release|Any CPU.Build.0 = Release|Any CPU
		{107E56E0-A482-45C0-B6CF-C41CF8EDD24C}.Debug|Any CPU.ActiveCfg = Debug|Any CPU
		{107E56E0-A482-45C0-B6CF-C41CF8EDD24C}.Debug|Any CPU.Build.0 = Debug|Any CPU
		{107E56E0-A482-45C0-B6CF-C41CF8EDD24C}.Release|Any CPU.ActiveCfg = Release|Any CPU
		{107E56E0-A482-45C0-B6CF-C41CF8EDD24C}.Release|Any CPU.Build.0 = Release|Any CPU
		{6C5142A5-E46A-4ECE-8523-997702C62877}.Debug|Any CPU.ActiveCfg = Debug|Any CPU
		{6C5142A5-E46A-4ECE-8523-997702C62877}.Debug|Any CPU.Build.0 = Debug|Any CPU
		{6C5142A5-E46A-4ECE-8523-997702C62877}.Release|Any CPU.ActiveCfg = Release|Any CPU
		{6C5142A5-E46A-4ECE-8523-997702C62877}.Release|Any CPU.Build.0 = Release|Any CPU
		{2484AF7F-CEFA-4028-8523-9BE8210860DB}.Debug|Any CPU.ActiveCfg = Debug|Any CPU
		{2484AF7F-CEFA-4028-8523-9BE8210860DB}.Debug|Any CPU.Build.0 = Debug|Any CPU
		{2484AF7F-CEFA-4028-8523-9BE8210860DB}.Release|Any CPU.ActiveCfg = Release|Any CPU
		{2484AF7F-CEFA-4028-8523-9BE8210860DB}.Release|Any CPU.Build.0 = Release|Any CPU
		{EEBE5B38-1E22-46DA-BAE0-C7DF2598A281}.Debug|Any CPU.ActiveCfg = Debug|Any CPU
		{EEBE5B38-1E22-46DA-BAE0-C7DF2598A281}.Debug|Any CPU.Build.0 = Debug|Any CPU
		{EEBE5B38-1E22-46DA-BAE0-C7DF2598A281}.Release|Any CPU.ActiveCfg = Release|Any CPU
		{EEBE5B38-1E22-46DA-BAE0-C7DF2598A281}.Release|Any CPU.Build.0 = Release|Any CPU
		{08DA8F48-1C9E-4240-BA27-D37F604B0936}.Debug|Any CPU.ActiveCfg = Debug|Any CPU
		{08DA8F48-1C9E-4240-BA27-D37F604B0936}.Debug|Any CPU.Build.0 = Debug|Any CPU
		{08DA8F48-1C9E-4240-BA27-D37F604B0936}.Release|Any CPU.ActiveCfg = Release|Any CPU
		{08DA8F48-1C9E-4240-BA27-D37F604B0936}.Release|Any CPU.Build.0 = Release|Any CPU
		{DF4FB2B8-42CE-4D11-994C-E5C0E1CED07E}.Debug|Any CPU.ActiveCfg = Debug|Any CPU
		{DF4FB2B8-42CE-4D11-994C-E5C0E1CED07E}.Debug|Any CPU.Build.0 = Debug|Any CPU
		{DF4FB2B8-42CE-4D11-994C-E5C0E1CED07E}.Release|Any CPU.ActiveCfg = Release|Any CPU
		{DF4FB2B8-42CE-4D11-994C-E5C0E1CED07E}.Release|Any CPU.Build.0 = Release|Any CPU
		{E15B8369-52F9-4265-86A1-4734F2CAEDB4}.Debug|Any CPU.ActiveCfg = Debug|Any CPU
		{E15B8369-52F9-4265-86A1-4734F2CAEDB4}.Debug|Any CPU.Build.0 = Debug|Any CPU
		{E15B8369-52F9-4265-86A1-4734F2CAEDB4}.Release|Any CPU.ActiveCfg = Release|Any CPU
		{E15B8369-52F9-4265-86A1-4734F2CAEDB4}.Release|Any CPU.Build.0 = Release|Any CPU
		{3E0B6F18-BB43-473F-B2F0-9C4C0B3D76B2}.Debug|Any CPU.ActiveCfg = Debug|Any CPU
		{3E0B6F18-BB43-473F-B2F0-9C4C0B3D76B2}.Debug|Any CPU.Build.0 = Debug|Any CPU
		{3E0B6F18-BB43-473F-B2F0-9C4C0B3D76B2}.Release|Any CPU.ActiveCfg = Release|Any CPU
		{3E0B6F18-BB43-473F-B2F0-9C4C0B3D76B2}.Release|Any CPU.Build.0 = Release|Any CPU
		{FCCEDF84-EDBF-4042-84FA-C08BE92DD91B}.Debug|Any CPU.ActiveCfg = Debug|Any CPU
		{FCCEDF84-EDBF-4042-84FA-C08BE92DD91B}.Debug|Any CPU.Build.0 = Debug|Any CPU
		{FCCEDF84-EDBF-4042-84FA-C08BE92DD91B}.Release|Any CPU.ActiveCfg = Release|Any CPU
		{FCCEDF84-EDBF-4042-84FA-C08BE92DD91B}.Release|Any CPU.Build.0 = Release|Any CPU
		{29C61583-0773-4A2B-AE1C-D1033F33CE4B}.Debug|Any CPU.ActiveCfg = Debug|Any CPU
		{29C61583-0773-4A2B-AE1C-D1033F33CE4B}.Debug|Any CPU.Build.0 = Debug|Any CPU
		{29C61583-0773-4A2B-AE1C-D1033F33CE4B}.Release|Any CPU.ActiveCfg = Release|Any CPU
		{29C61583-0773-4A2B-AE1C-D1033F33CE4B}.Release|Any CPU.Build.0 = Release|Any CPU
		{49F7A72C-B4C7-46D0-AB6E-BC98CC6C019C}.Debug|Any CPU.ActiveCfg = Debug|Any CPU
		{49F7A72C-B4C7-46D0-AB6E-BC98CC6C019C}.Debug|Any CPU.Build.0 = Debug|Any CPU
		{49F7A72C-B4C7-46D0-AB6E-BC98CC6C019C}.Release|Any CPU.ActiveCfg = Release|Any CPU
		{49F7A72C-B4C7-46D0-AB6E-BC98CC6C019C}.Release|Any CPU.Build.0 = Release|Any CPU
		{C379D6AC-FCEE-42D6-877F-CC0C069D5DD2}.Debug|Any CPU.ActiveCfg = Debug|Any CPU
		{C379D6AC-FCEE-42D6-877F-CC0C069D5DD2}.Debug|Any CPU.Build.0 = Debug|Any CPU
		{C379D6AC-FCEE-42D6-877F-CC0C069D5DD2}.Release|Any CPU.ActiveCfg = Release|Any CPU
		{C379D6AC-FCEE-42D6-877F-CC0C069D5DD2}.Release|Any CPU.Build.0 = Release|Any CPU
		{A2641B9B-66CC-4AA0-8659-DA708FAEA4AF}.Debug|Any CPU.ActiveCfg = Debug|Any CPU
		{A2641B9B-66CC-4AA0-8659-DA708FAEA4AF}.Debug|Any CPU.Build.0 = Debug|Any CPU
		{A2641B9B-66CC-4AA0-8659-DA708FAEA4AF}.Release|Any CPU.ActiveCfg = Release|Any CPU
		{A2641B9B-66CC-4AA0-8659-DA708FAEA4AF}.Release|Any CPU.Build.0 = Release|Any CPU
		{550D336E-8232-4913-BD26-6EDCD51794EA}.Debug|Any CPU.ActiveCfg = Debug|Any CPU
		{550D336E-8232-4913-BD26-6EDCD51794EA}.Debug|Any CPU.Build.0 = Debug|Any CPU
		{550D336E-8232-4913-BD26-6EDCD51794EA}.Release|Any CPU.ActiveCfg = Release|Any CPU
		{550D336E-8232-4913-BD26-6EDCD51794EA}.Release|Any CPU.Build.0 = Release|Any CPU
		{9AAE3556-2BD5-43B0-9A9B-5FDD3B312FC6}.Debug|Any CPU.ActiveCfg = Debug|Any CPU
		{9AAE3556-2BD5-43B0-9A9B-5FDD3B312FC6}.Debug|Any CPU.Build.0 = Debug|Any CPU
		{9AAE3556-2BD5-43B0-9A9B-5FDD3B312FC6}.Release|Any CPU.ActiveCfg = Release|Any CPU
		{9AAE3556-2BD5-43B0-9A9B-5FDD3B312FC6}.Release|Any CPU.Build.0 = Release|Any CPU
		{E8ECFF44-BD07-44AB-8CBD-40550227D90C}.Debug|Any CPU.ActiveCfg = Debug|Any CPU
		{E8ECFF44-BD07-44AB-8CBD-40550227D90C}.Debug|Any CPU.Build.0 = Debug|Any CPU
		{E8ECFF44-BD07-44AB-8CBD-40550227D90C}.Release|Any CPU.ActiveCfg = Release|Any CPU
		{E8ECFF44-BD07-44AB-8CBD-40550227D90C}.Release|Any CPU.Build.0 = Release|Any CPU
		{7CF29396-8B7B-4872-A53D-90F1CBA1F6AD}.Debug|Any CPU.ActiveCfg = Debug|Any CPU
		{7CF29396-8B7B-4872-A53D-90F1CBA1F6AD}.Debug|Any CPU.Build.0 = Debug|Any CPU
		{7CF29396-8B7B-4872-A53D-90F1CBA1F6AD}.Release|Any CPU.ActiveCfg = Release|Any CPU
		{7CF29396-8B7B-4872-A53D-90F1CBA1F6AD}.Release|Any CPU.Build.0 = Release|Any CPU
		{F84E9682-0C1C-466D-8A15-27F3DD5A5E21}.Debug|Any CPU.ActiveCfg = Debug|Any CPU
		{F84E9682-0C1C-466D-8A15-27F3DD5A5E21}.Debug|Any CPU.Build.0 = Debug|Any CPU
		{F84E9682-0C1C-466D-8A15-27F3DD5A5E21}.Release|Any CPU.ActiveCfg = Release|Any CPU
		{F84E9682-0C1C-466D-8A15-27F3DD5A5E21}.Release|Any CPU.Build.0 = Release|Any CPU
		{EECEC8E6-C4C3-42E8-ACC4-E0A59C29E38D}.Debug|Any CPU.ActiveCfg = Debug|Any CPU
		{EECEC8E6-C4C3-42E8-ACC4-E0A59C29E38D}.Debug|Any CPU.Build.0 = Debug|Any CPU
		{EECEC8E6-C4C3-42E8-ACC4-E0A59C29E38D}.Release|Any CPU.ActiveCfg = Release|Any CPU
		{EECEC8E6-C4C3-42E8-ACC4-E0A59C29E38D}.Release|Any CPU.Build.0 = Release|Any CPU
		{DBBAA901-08CE-4EBC-A75E-AD9739911074}.Debug|Any CPU.ActiveCfg = Debug|Any CPU
		{DBBAA901-08CE-4EBC-A75E-AD9739911074}.Debug|Any CPU.Build.0 = Debug|Any CPU
		{DBBAA901-08CE-4EBC-A75E-AD9739911074}.Release|Any CPU.ActiveCfg = Release|Any CPU
		{DBBAA901-08CE-4EBC-A75E-AD9739911074}.Release|Any CPU.Build.0 = Release|Any CPU
		{1065A6C1-382B-4FD9-A09B-AC21809C8E00}.Debug|Any CPU.ActiveCfg = Debug|Any CPU
		{1065A6C1-382B-4FD9-A09B-AC21809C8E00}.Debug|Any CPU.Build.0 = Debug|Any CPU
		{1065A6C1-382B-4FD9-A09B-AC21809C8E00}.Release|Any CPU.ActiveCfg = Release|Any CPU
		{1065A6C1-382B-4FD9-A09B-AC21809C8E00}.Release|Any CPU.Build.0 = Release|Any CPU
		{468F9E1D-7813-4095-807D-EA665A1007B9}.Debug|Any CPU.ActiveCfg = Debug|Any CPU
		{468F9E1D-7813-4095-807D-EA665A1007B9}.Debug|Any CPU.Build.0 = Debug|Any CPU
		{468F9E1D-7813-4095-807D-EA665A1007B9}.Release|Any CPU.ActiveCfg = Release|Any CPU
		{468F9E1D-7813-4095-807D-EA665A1007B9}.Release|Any CPU.Build.0 = Release|Any CPU
		{8C1BFC15-5E7A-4267-A9A5-2642B1812518}.Debug|Any CPU.ActiveCfg = Debug|Any CPU
		{8C1BFC15-5E7A-4267-A9A5-2642B1812518}.Debug|Any CPU.Build.0 = Debug|Any CPU
		{8C1BFC15-5E7A-4267-A9A5-2642B1812518}.Release|Any CPU.ActiveCfg = Release|Any CPU
		{8C1BFC15-5E7A-4267-A9A5-2642B1812518}.Release|Any CPU.Build.0 = Release|Any CPU
		{F066F740-8475-4143-9541-DDE84AD5DD12}.Debug|Any CPU.ActiveCfg = Debug|Any CPU
		{F066F740-8475-4143-9541-DDE84AD5DD12}.Debug|Any CPU.Build.0 = Debug|Any CPU
		{F066F740-8475-4143-9541-DDE84AD5DD12}.Release|Any CPU.ActiveCfg = Release|Any CPU
		{F066F740-8475-4143-9541-DDE84AD5DD12}.Release|Any CPU.Build.0 = Release|Any CPU
		{BA67274B-C25B-4AA3-8A24-200017EEF7C0}.Debug|Any CPU.ActiveCfg = Debug|Any CPU
		{BA67274B-C25B-4AA3-8A24-200017EEF7C0}.Debug|Any CPU.Build.0 = Debug|Any CPU
		{BA67274B-C25B-4AA3-8A24-200017EEF7C0}.Release|Any CPU.ActiveCfg = Release|Any CPU
		{BA67274B-C25B-4AA3-8A24-200017EEF7C0}.Release|Any CPU.Build.0 = Release|Any CPU
		{11DDA99C-E97A-486C-A9F0-E0E66C2A736A}.Debug|Any CPU.ActiveCfg = Debug|Any CPU
		{11DDA99C-E97A-486C-A9F0-E0E66C2A736A}.Debug|Any CPU.Build.0 = Debug|Any CPU
		{11DDA99C-E97A-486C-A9F0-E0E66C2A736A}.Release|Any CPU.ActiveCfg = Release|Any CPU
		{11DDA99C-E97A-486C-A9F0-E0E66C2A736A}.Release|Any CPU.Build.0 = Release|Any CPU
		{46C45DE3-21F8-4E6F-97B2-AA1FAC3B2193}.Debug|Any CPU.ActiveCfg = Debug|Any CPU
		{46C45DE3-21F8-4E6F-97B2-AA1FAC3B2193}.Debug|Any CPU.Build.0 = Debug|Any CPU
		{46C45DE3-21F8-4E6F-97B2-AA1FAC3B2193}.Release|Any CPU.ActiveCfg = Release|Any CPU
		{46C45DE3-21F8-4E6F-97B2-AA1FAC3B2193}.Release|Any CPU.Build.0 = Release|Any CPU
		{262685F0-ED7A-4104-A5CA-BB01BA8F7F2B}.Debug|Any CPU.ActiveCfg = Debug|Any CPU
		{262685F0-ED7A-4104-A5CA-BB01BA8F7F2B}.Debug|Any CPU.Build.0 = Debug|Any CPU
		{262685F0-ED7A-4104-A5CA-BB01BA8F7F2B}.Release|Any CPU.ActiveCfg = Release|Any CPU
		{262685F0-ED7A-4104-A5CA-BB01BA8F7F2B}.Release|Any CPU.Build.0 = Release|Any CPU
		{722EB8B4-7A9F-4DAD-BCFC-88353FE64C0F}.Debug|Any CPU.ActiveCfg = Debug|Any CPU
		{722EB8B4-7A9F-4DAD-BCFC-88353FE64C0F}.Debug|Any CPU.Build.0 = Debug|Any CPU
		{722EB8B4-7A9F-4DAD-BCFC-88353FE64C0F}.Release|Any CPU.ActiveCfg = Release|Any CPU
		{722EB8B4-7A9F-4DAD-BCFC-88353FE64C0F}.Release|Any CPU.Build.0 = Release|Any CPU
		{3799D804-129F-49D5-9A1F-6EA2683F1261}.Debug|Any CPU.ActiveCfg = Debug|Any CPU
		{3799D804-129F-49D5-9A1F-6EA2683F1261}.Debug|Any CPU.Build.0 = Debug|Any CPU
		{3799D804-129F-49D5-9A1F-6EA2683F1261}.Release|Any CPU.ActiveCfg = Release|Any CPU
		{3799D804-129F-49D5-9A1F-6EA2683F1261}.Release|Any CPU.Build.0 = Release|Any CPU
		{91F351ED-2232-4DB6-8414-E10092A16C9F}.Debug|Any CPU.ActiveCfg = Debug|Any CPU
		{91F351ED-2232-4DB6-8414-E10092A16C9F}.Debug|Any CPU.Build.0 = Debug|Any CPU
		{91F351ED-2232-4DB6-8414-E10092A16C9F}.Release|Any CPU.ActiveCfg = Release|Any CPU
		{91F351ED-2232-4DB6-8414-E10092A16C9F}.Release|Any CPU.Build.0 = Release|Any CPU
		{AE854CF5-FA92-48C2-AD63-2AB0DFEED0E2}.Debug|Any CPU.ActiveCfg = Debug|Any CPU
		{AE854CF5-FA92-48C2-AD63-2AB0DFEED0E2}.Debug|Any CPU.Build.0 = Debug|Any CPU
		{AE854CF5-FA92-48C2-AD63-2AB0DFEED0E2}.Release|Any CPU.ActiveCfg = Release|Any CPU
		{AE854CF5-FA92-48C2-AD63-2AB0DFEED0E2}.Release|Any CPU.Build.0 = Release|Any CPU
		{E5587A84-700E-4743-8BB7-6EBA40A2660E}.Debug|Any CPU.ActiveCfg = Debug|Any CPU
		{E5587A84-700E-4743-8BB7-6EBA40A2660E}.Debug|Any CPU.Build.0 = Debug|Any CPU
		{E5587A84-700E-4743-8BB7-6EBA40A2660E}.Release|Any CPU.ActiveCfg = Release|Any CPU
		{E5587A84-700E-4743-8BB7-6EBA40A2660E}.Release|Any CPU.Build.0 = Release|Any CPU
		{00E65FFA-EDF8-4FD7-8CF5-0849FB9E9F5B}.Debug|Any CPU.ActiveCfg = Debug|Any CPU
		{00E65FFA-EDF8-4FD7-8CF5-0849FB9E9F5B}.Debug|Any CPU.Build.0 = Debug|Any CPU
		{00E65FFA-EDF8-4FD7-8CF5-0849FB9E9F5B}.Release|Any CPU.ActiveCfg = Release|Any CPU
		{00E65FFA-EDF8-4FD7-8CF5-0849FB9E9F5B}.Release|Any CPU.Build.0 = Release|Any CPU
		{A28F1158-18B1-47E2-9441-C871EA489278}.Debug|Any CPU.ActiveCfg = Debug|Any CPU
		{A28F1158-18B1-47E2-9441-C871EA489278}.Debug|Any CPU.Build.0 = Debug|Any CPU
		{A28F1158-18B1-47E2-9441-C871EA489278}.Release|Any CPU.ActiveCfg = Release|Any CPU
		{A28F1158-18B1-47E2-9441-C871EA489278}.Release|Any CPU.Build.0 = Release|Any CPU
		{00B32E46-394B-4184-8CCF-E782D03179EA}.Debug|Any CPU.ActiveCfg = Debug|Any CPU
		{00B32E46-394B-4184-8CCF-E782D03179EA}.Debug|Any CPU.Build.0 = Debug|Any CPU
		{00B32E46-394B-4184-8CCF-E782D03179EA}.Release|Any CPU.ActiveCfg = Release|Any CPU
		{00B32E46-394B-4184-8CCF-E782D03179EA}.Release|Any CPU.Build.0 = Release|Any CPU
		{45D120F9-0B89-43A0-8D80-EA328D9974D8}.Debug|Any CPU.ActiveCfg = Debug|Any CPU
		{45D120F9-0B89-43A0-8D80-EA328D9974D8}.Debug|Any CPU.Build.0 = Debug|Any CPU
		{45D120F9-0B89-43A0-8D80-EA328D9974D8}.Release|Any CPU.ActiveCfg = Release|Any CPU
		{45D120F9-0B89-43A0-8D80-EA328D9974D8}.Release|Any CPU.Build.0 = Release|Any CPU
		{D457F4FB-D2EC-4F6B-B131-3FAFB2548320}.Debug|Any CPU.ActiveCfg = Debug|Any CPU
		{D457F4FB-D2EC-4F6B-B131-3FAFB2548320}.Debug|Any CPU.Build.0 = Debug|Any CPU
		{D457F4FB-D2EC-4F6B-B131-3FAFB2548320}.Release|Any CPU.ActiveCfg = Release|Any CPU
		{D457F4FB-D2EC-4F6B-B131-3FAFB2548320}.Release|Any CPU.Build.0 = Release|Any CPU
		{17FD23FA-3C24-4679-A8B9-A26D1F7727E7}.Debug|Any CPU.ActiveCfg = Debug|Any CPU
		{17FD23FA-3C24-4679-A8B9-A26D1F7727E7}.Debug|Any CPU.Build.0 = Debug|Any CPU
		{17FD23FA-3C24-4679-A8B9-A26D1F7727E7}.Release|Any CPU.ActiveCfg = Release|Any CPU
		{17FD23FA-3C24-4679-A8B9-A26D1F7727E7}.Release|Any CPU.Build.0 = Release|Any CPU
		{CCB31644-17C0-403D-9475-6EB462E70B31}.Debug|Any CPU.ActiveCfg = Debug|Any CPU
		{CCB31644-17C0-403D-9475-6EB462E70B31}.Debug|Any CPU.Build.0 = Debug|Any CPU
		{CCB31644-17C0-403D-9475-6EB462E70B31}.Release|Any CPU.ActiveCfg = Release|Any CPU
		{CCB31644-17C0-403D-9475-6EB462E70B31}.Release|Any CPU.Build.0 = Release|Any CPU
		{A530DE32-72FC-427A-AA52-3DF0C626BE62}.Debug|Any CPU.ActiveCfg = Debug|Any CPU
		{A530DE32-72FC-427A-AA52-3DF0C626BE62}.Debug|Any CPU.Build.0 = Debug|Any CPU
		{A530DE32-72FC-427A-AA52-3DF0C626BE62}.Release|Any CPU.ActiveCfg = Release|Any CPU
		{A530DE32-72FC-427A-AA52-3DF0C626BE62}.Release|Any CPU.Build.0 = Release|Any CPU
		{58B33F42-A1AA-4EA8-BE0A-52E75471085D}.Debug|Any CPU.ActiveCfg = Debug|Any CPU
		{58B33F42-A1AA-4EA8-BE0A-52E75471085D}.Debug|Any CPU.Build.0 = Debug|Any CPU
		{58B33F42-A1AA-4EA8-BE0A-52E75471085D}.Release|Any CPU.ActiveCfg = Release|Any CPU
		{58B33F42-A1AA-4EA8-BE0A-52E75471085D}.Release|Any CPU.Build.0 = Release|Any CPU
		{E66BD04F-6DC9-49AA-AD5F-24A65E659BBA}.Debug|Any CPU.ActiveCfg = Debug|Any CPU
		{E66BD04F-6DC9-49AA-AD5F-24A65E659BBA}.Debug|Any CPU.Build.0 = Debug|Any CPU
		{E66BD04F-6DC9-49AA-AD5F-24A65E659BBA}.Release|Any CPU.ActiveCfg = Release|Any CPU
		{E66BD04F-6DC9-49AA-AD5F-24A65E659BBA}.Release|Any CPU.Build.0 = Release|Any CPU
		{C8F70C69-68AE-48AB-90FF-69799C0D72AC}.Debug|Any CPU.ActiveCfg = Debug|Any CPU
		{C8F70C69-68AE-48AB-90FF-69799C0D72AC}.Debug|Any CPU.Build.0 = Debug|Any CPU
		{C8F70C69-68AE-48AB-90FF-69799C0D72AC}.Release|Any CPU.ActiveCfg = Release|Any CPU
		{C8F70C69-68AE-48AB-90FF-69799C0D72AC}.Release|Any CPU.Build.0 = Release|Any CPU
		{AB540C80-4469-48CA-947A-7FCAC034B586}.Debug|Any CPU.ActiveCfg = Debug|Any CPU
		{AB540C80-4469-48CA-947A-7FCAC034B586}.Debug|Any CPU.Build.0 = Debug|Any CPU
		{AB540C80-4469-48CA-947A-7FCAC034B586}.Release|Any CPU.ActiveCfg = Release|Any CPU
		{AB540C80-4469-48CA-947A-7FCAC034B586}.Release|Any CPU.Build.0 = Release|Any CPU
		{FEF8C21F-3D8E-440E-9102-A094D4955354}.Debug|Any CPU.ActiveCfg = Debug|Any CPU
		{FEF8C21F-3D8E-440E-9102-A094D4955354}.Debug|Any CPU.Build.0 = Debug|Any CPU
		{FEF8C21F-3D8E-440E-9102-A094D4955354}.Release|Any CPU.ActiveCfg = Release|Any CPU
		{FEF8C21F-3D8E-440E-9102-A094D4955354}.Release|Any CPU.Build.0 = Release|Any CPU
		{BA6093C9-197C-4E78-97CE-31EFAAB136E2}.Debug|Any CPU.ActiveCfg = Debug|Any CPU
		{BA6093C9-197C-4E78-97CE-31EFAAB136E2}.Debug|Any CPU.Build.0 = Debug|Any CPU
		{BA6093C9-197C-4E78-97CE-31EFAAB136E2}.Release|Any CPU.ActiveCfg = Release|Any CPU
		{BA6093C9-197C-4E78-97CE-31EFAAB136E2}.Release|Any CPU.Build.0 = Release|Any CPU
	EndGlobalSection
	GlobalSection(SolutionProperties) = preSolution
		HideSolutionNode = FALSE
	EndGlobalSection
	GlobalSection(ExtensibilityGlobals) = postSolution
		SolutionGuid = {D8B7821B-1DFE-4932-A2D1-8D7FFD958DEF}
	EndGlobalSection
EndGlobal
